dependencies:
  idf:
    component_hash: null
    source:
      type: idf
    version: 5.1.4
  jgromes/RadioLib:
    component_hash: 833daf5c5dc74c7b5c26e93310af114f978e7002803b2a8a0cd8d78820e06b39
    source:
      service_url: https://api.components.espressif.com/
      type: service
    version: 7.1.2
manifest_hash: 2e3aeb4156739d6c425fe307a672497bf41e82c0b7e94a4724d7757d847a1380
target: esp32s3
version: 1.0.0
